
Microsoft Visual Studio Solution File, Format Version 12.00
# Visual Studio 15
VisualStudioVersion = 15.0.27130.2036
MinimumVisualStudioVersion = 10.0.40219.1
Project("{9A19103F-16F7-4668-BE54-9A1E7A4F7556}") = "Test", "Test\Test.csproj", "{18AE5347-4421-49D8-90DC-0195719D4C43}"
EndProject
Project("{9A19103F-16F7-4668-BE54-9A1E7A4F7556}") = "LoadBalancer", "Services\LoadBalancer\LoadBalancer\LoadBalancer.csproj", "{615BFBD4-422E-4585-9EAD-3D6306EC08C7}"
EndProject
Project("{9A19103F-16F7-4668-BE54-9A1E7A4F7556}") = "Prime.Api", "Services\Prime\Prime.Api\Prime.Api.csproj", "{E0F964AA-ED29-4E1A-92A5-29340D0D4577}"
EndProject
Project("{9A19103F-16F7-4668-BE54-9A1E7A4F7556}") = "LoadBalancer.Messages", "Services\LoadBalancer\LoadBalancer.Messages\LoadBalancer.Messages.csproj", "{99F157A8-C541-40BF-810E-BE1078960EFA}"
EndProject
Project("{FAE04EC0-301F-11D3-BF4B-00C04F79EFBC}") = "Monitor.Infrastructure", "Services\Monitor\Monitor.Infrastructure\Monitor.Infrastructure.csproj", "{77B62995-86DB-4CA4-A266-C5BF2A436DAB}"
EndProject
Project("{FAE04EC0-301F-11D3-BF4B-00C04F79EFBC}") = "Monitor.Domain", "Services\Monitor\Monitor.Domain\Monitor.Domain.csproj", "{00005A52-DAA0-4A7B-92B1-A9673421DB1D}"
EndProject
Project("{FAE04EC0-301F-11D3-BF4B-00C04F79EFBC}") = "Monitor.AspNetCore", "Services\Monitor\Monitor.AspNetCore\Monitor.AspNetCore.csproj", "{A2522F1D-C899-4BD1-84F9-FA0559924391}"
EndProject
Global
	GlobalSection(SolutionConfigurationPlatforms) = preSolution
		Debug|Any CPU = Debug|Any CPU
		Release|Any CPU = Release|Any CPU
	EndGlobalSection
	GlobalSection(ProjectConfigurationPlatforms) = postSolution
		{18AE5347-4421-49D8-90DC-0195719D4C43}.Debug|Any CPU.ActiveCfg = Debug|Any CPU
		{18AE5347-4421-49D8-90DC-0195719D4C43}.Debug|Any CPU.Build.0 = Debug|Any CPU
		{18AE5347-4421-49D8-90DC-0195719D4C43}.Release|Any CPU.ActiveCfg = Release|Any CPU
		{18AE5347-4421-49D8-90DC-0195719D4C43}.Release|Any CPU.Build.0 = Release|Any CPU
		{615BFBD4-422E-4585-9EAD-3D6306EC08C7}.Debug|Any CPU.ActiveCfg = Debug|Any CPU
		{615BFBD4-422E-4585-9EAD-3D6306EC08C7}.Debug|Any CPU.Build.0 = Debug|Any CPU
		{615BFBD4-422E-4585-9EAD-3D6306EC08C7}.Release|Any CPU.ActiveCfg = Release|Any CPU
		{615BFBD4-422E-4585-9EAD-3D6306EC08C7}.Release|Any CPU.Build.0 = Release|Any CPU
		{E0F964AA-ED29-4E1A-92A5-29340D0D4577}.Debug|Any CPU.ActiveCfg = Debug|Any CPU
		{E0F964AA-ED29-4E1A-92A5-29340D0D4577}.Debug|Any CPU.Build.0 = Debug|Any CPU
		{E0F964AA-ED29-4E1A-92A5-29340D0D4577}.Release|Any CPU.ActiveCfg = Release|Any CPU
		{E0F964AA-ED29-4E1A-92A5-29340D0D4577}.Release|Any CPU.Build.0 = Release|Any CPU
		{99F157A8-C541-40BF-810E-BE1078960EFA}.Debug|Any CPU.ActiveCfg = Debug|Any CPU
		{99F157A8-C541-40BF-810E-BE1078960EFA}.Debug|Any CPU.Build.0 = Debug|Any CPU
		{99F157A8-C541-40BF-810E-BE1078960EFA}.Release|Any CPU.ActiveCfg = Release|Any CPU
		{99F157A8-C541-40BF-810E-BE1078960EFA}.Release|Any CPU.Build.0 = Release|Any CPU
		{77B62995-86DB-4CA4-A266-C5BF2A436DAB}.Debug|Any CPU.ActiveCfg = Debug|Any CPU
		{77B62995-86DB-4CA4-A266-C5BF2A436DAB}.Debug|Any CPU.Build.0 = Debug|Any CPU
		{77B62995-86DB-4CA4-A266-C5BF2A436DAB}.Release|Any CPU.ActiveCfg = Release|Any CPU
		{77B62995-86DB-4CA4-A266-C5BF2A436DAB}.Release|Any CPU.Build.0 = Release|Any CPU
		{00005A52-DAA0-4A7B-92B1-A9673421DB1D}.Debug|Any CPU.ActiveCfg = Debug|Any CPU
		{00005A52-DAA0-4A7B-92B1-A9673421DB1D}.Debug|Any CPU.Build.0 = Debug|Any CPU
		{00005A52-DAA0-4A7B-92B1-A9673421DB1D}.Release|Any CPU.ActiveCfg = Release|Any CPU
		{00005A52-DAA0-4A7B-92B1-A9673421DB1D}.Release|Any CPU.Build.0 = Release|Any CPU
		{A2522F1D-C899-4BD1-84F9-FA0559924391}.Debug|Any CPU.ActiveCfg = Debug|Any CPU
		{A2522F1D-C899-4BD1-84F9-FA0559924391}.Debug|Any CPU.Build.0 = Debug|Any CPU
		{A2522F1D-C899-4BD1-84F9-FA0559924391}.Release|Any CPU.ActiveCfg = Release|Any CPU
		{A2522F1D-C899-4BD1-84F9-FA0559924391}.Release|Any CPU.Build.0 = Release|Any CPU
	EndGlobalSection
	GlobalSection(SolutionProperties) = preSolution
		HideSolutionNode = FALSE
	EndGlobalSection
	GlobalSection(ExtensibilityGlobals) = postSolution
		SolutionGuid = {3719B9CD-CEC8-4A5A-BB8A-403B247E46F7}
	EndGlobalSection
EndGlobal
